
Microsoft Visual Studio Solution File, Format Version 12.00
# Visual Studio Version 16
VisualStudioVersion = 16.0.29709.97
MinimumVisualStudioVersion = 10.0.40219.1
Project("{9A19103F-16F7-4668-BE54-9A1E7A4F7556}") = "Z80CPU", "Z80CPU\Z80CPU.csproj", "{8940C5C2-1DBE-4508-8D12-1B6B8AAEC097}"
EndProject
Project("{FAE04EC0-301F-11D3-BF4B-00C04F79EFBC}") = "Z80CPU.UnitTests", "Z80CPU.UnitTests\Z80CPU.UnitTests.csproj", "{7B9C4FB0-18C4-4855-A2E9-0C4DCDB8077C}"
EndProject
Project("{2150E333-8FDC-42A3-9474-1A3956D46DE8}") = "Solution Items", "Solution Items", "{6C96231F-A1A6-4BBA-BBF2-845F48858909}"
	ProjectSection(SolutionItems) = preProject
		Instructions.txt = Instructions.txt
		Opcodes.xlsx = Opcodes.xlsx
	EndProjectSection
EndProject
Global
	GlobalSection(SolutionConfigurationPlatforms) = preSolution
		Debug|Any CPU = Debug|Any CPU
		Release|Any CPU = Release|Any CPU
	EndGlobalSection
	GlobalSection(ProjectConfigurationPlatforms) = postSolution
		{8940C5C2-1DBE-4508-8D12-1B6B8AAEC097}.Debug|Any CPU.ActiveCfg = Debug|Any CPU
		{8940C5C2-1DBE-4508-8D12-1B6B8AAEC097}.Debug|Any CPU.Build.0 = Debug|Any CPU
		{8940C5C2-1DBE-4508-8D12-1B6B8AAEC097}.Release|Any CPU.ActiveCfg = Release|Any CPU
		{8940C5C2-1DBE-4508-8D12-1B6B8AAEC097}.Release|Any CPU.Build.0 = Release|Any CPU
		{7B9C4FB0-18C4-4855-A2E9-0C4DCDB8077C}.Debug|Any CPU.ActiveCfg = Debug|Any CPU
		{7B9C4FB0-18C4-4855-A2E9-0C4DCDB8077C}.Debug|Any CPU.Build.0 = Debug|Any CPU
		{7B9C4FB0-18C4-4855-A2E9-0C4DCDB8077C}.Release|Any CPU.ActiveCfg = Release|Any CPU
		{7B9C4FB0-18C4-4855-A2E9-0C4DCDB8077C}.Release|Any CPU.Build.0 = Release|Any CPU
	EndGlobalSection
	GlobalSection(SolutionProperties) = preSolution
		HideSolutionNode = FALSE
	EndGlobalSection
	GlobalSection(ExtensibilityGlobals) = postSolution
		SolutionGuid = {F1199346-D964-408C-8599-F0942F016463}
	EndGlobalSection
EndGlobal
